
Microsoft Visual Studio Solution File, Format Version 12.00
# Visual Studio Version 16
VisualStudioVersion = 16.0.30804.86
MinimumVisualStudioVersion = 10.0.40219.1
Project("{FAE04EC0-301F-11D3-BF4B-00C04F79EFBC}") = "Polidiastates", "Polidiastates\Polidiastates.csproj", "{C3D80125-CCC4-4FA3-B232-B1487CC949C6}"
EndProject
Global
	GlobalSection(SolutionConfigurationPlatforms) = preSolution
		Debug|Any CPU = Debug|Any CPU
		Release|Any CPU = Release|Any CPU
	EndGlobalSection
	GlobalSection(ProjectConfigurationPlatforms) = postSolution
		{C3D80125-CCC4-4FA3-B232-B1487CC949C6}.Debug|Any CPU.ActiveCfg = Debug|Any CPU
		{C3D80125-CCC4-4FA3-B232-B1487CC949C6}.Debug|Any CPU.Build.0 = Debug|Any CPU
		{C3D80125-CCC4-4FA3-B232-B1487CC949C6}.Release|Any CPU.ActiveCfg = Release|Any CPU
		{C3D80125-CCC4-4FA3-B232-B1487CC949C6}.Release|Any CPU.Build.0 = Release|Any CPU
	EndGlobalSection
	GlobalSection(SolutionProperties) = preSolution
		HideSolutionNode = FALSE
	EndGlobalSection
	GlobalSection(ExtensibilityGlobals) = postSolution
		SolutionGuid = {BD937C35-5A63-4C03-B9CB-C2F68214D787}
	EndGlobalSection
EndGlobal
